
Microsoft Visual Studio Solution File, Format Version 12.00
# Visual Studio Version 16
VisualStudioVersion = 16.0.810.22
MinimumVisualStudioVersion = 10.0.40219.1
Project("{FAE04EC0-301F-11D3-BF4B-00C04F79EFBC}") = "sale", "sale\sale.csproj", "{C15EC637-51AB-4533-9C0F-CD4DB1DD75FF}"
EndProject
Global
	GlobalSection(SolutionConfigurationPlatforms) = preSolution
		Debug|Any CPU = Debug|Any CPU
		Release|Any CPU = Release|Any CPU
	EndGlobalSection
	GlobalSection(ProjectConfigurationPlatforms) = postSolution
		{C15EC637-51AB-4533-9C0F-CD4DB1DD75FF}.Debug|Any CPU.ActiveCfg = Debug|Any CPU
		{C15EC637-51AB-4533-9C0F-CD4DB1DD75FF}.Debug|Any CPU.Build.0 = Debug|Any CPU
		{C15EC637-51AB-4533-9C0F-CD4DB1DD75FF}.Release|Any CPU.ActiveCfg = Release|Any CPU
		{C15EC637-51AB-4533-9C0F-CD4DB1DD75FF}.Release|Any CPU.Build.0 = Release|Any CPU
	EndGlobalSection
	GlobalSection(SolutionProperties) = preSolution
		HideSolutionNode = FALSE
	EndGlobalSection
	GlobalSection(ExtensibilityGlobals) = postSolution
		SolutionGuid = {EBF045B4-312A-4B1D-AEBB-510C89462211}
	EndGlobalSection
EndGlobal
