
Microsoft Visual Studio Solution File, Format Version 12.00
# Visual Studio Version 16
VisualStudioVersion = 16.0.810.22
MinimumVisualStudioVersion = 10.0.40219.1
Project("{FAE04EC0-301F-11D3-BF4B-00C04F79EFBC}") = "Armstrong", "Armstrong\Armstrong.csproj", "{02F47548-9EDD-4EB9-AECE-21230775BD9C}"
EndProject
Global
	GlobalSection(SolutionConfigurationPlatforms) = preSolution
		Debug|Any CPU = Debug|Any CPU
		Release|Any CPU = Release|Any CPU
	EndGlobalSection
	GlobalSection(ProjectConfigurationPlatforms) = postSolution
		{02F47548-9EDD-4EB9-AECE-21230775BD9C}.Debug|Any CPU.ActiveCfg = Debug|Any CPU
		{02F47548-9EDD-4EB9-AECE-21230775BD9C}.Debug|Any CPU.Build.0 = Debug|Any CPU
		{02F47548-9EDD-4EB9-AECE-21230775BD9C}.Release|Any CPU.ActiveCfg = Release|Any CPU
		{02F47548-9EDD-4EB9-AECE-21230775BD9C}.Release|Any CPU.Build.0 = Release|Any CPU
	EndGlobalSection
	GlobalSection(SolutionProperties) = preSolution
		HideSolutionNode = FALSE
	EndGlobalSection
	GlobalSection(ExtensibilityGlobals) = postSolution
		SolutionGuid = {7C626D9F-D9CD-4CA2-9C58-7753E4251954}
	EndGlobalSection
EndGlobal
