
Microsoft Visual Studio Solution File, Format Version 12.00
# Visual Studio Version 16
VisualStudioVersion = 16.0.810.22
MinimumVisualStudioVersion = 10.0.40219.1
Project("{FAE04EC0-301F-11D3-BF4B-00C04F79EFBC}") = "CharacterTest", "CharacterTest\CharacterTest.csproj", "{6A3C2454-80E4-441A-8051-A1B1FC58F636}"
EndProject
Global
	GlobalSection(SolutionConfigurationPlatforms) = preSolution
		Debug|Any CPU = Debug|Any CPU
		Release|Any CPU = Release|Any CPU
	EndGlobalSection
	GlobalSection(ProjectConfigurationPlatforms) = postSolution
		{6A3C2454-80E4-441A-8051-A1B1FC58F636}.Debug|Any CPU.ActiveCfg = Debug|Any CPU
		{6A3C2454-80E4-441A-8051-A1B1FC58F636}.Debug|Any CPU.Build.0 = Debug|Any CPU
		{6A3C2454-80E4-441A-8051-A1B1FC58F636}.Release|Any CPU.ActiveCfg = Release|Any CPU
		{6A3C2454-80E4-441A-8051-A1B1FC58F636}.Release|Any CPU.Build.0 = Release|Any CPU
	EndGlobalSection
	GlobalSection(SolutionProperties) = preSolution
		HideSolutionNode = FALSE
	EndGlobalSection
	GlobalSection(ExtensibilityGlobals) = postSolution
		SolutionGuid = {2592F72F-B959-438D-86CC-EBE812C901C4}
	EndGlobalSection
EndGlobal
